
Microsoft Visual Studio Solution File, Format Version 12.00
# Visual Studio Version 16
VisualStudioVersion = 16.0.33927.289
MinimumVisualStudioVersion = 10.0.40219.1
Project("{2150E333-8FDC-42A3-9474-1A3956D46DE8}") = "EShop", "EShop", "{B24AC763-4809-4E00-BBC1-9FFF961A74E5}"
EndProject
Project("{FAE04EC0-301F-11D3-BF4B-00C04F79EFBC}") = "EShop.Web", "EShop.Web\EShop.Web.csproj", "{AFC496C4-2214-4A4E-BD7C-24AA12E6BECE}"
EndProject
Global
	GlobalSection(SolutionConfigurationPlatforms) = preSolution
		Debug|Any CPU = Debug|Any CPU
		Release|Any CPU = Release|Any CPU
	EndGlobalSection
	GlobalSection(ProjectConfigurationPlatforms) = postSolution
		{AFC496C4-2214-4A4E-BD7C-24AA12E6BECE}.Debug|Any CPU.ActiveCfg = Debug|Any CPU
		{AFC496C4-2214-4A4E-BD7C-24AA12E6BECE}.Debug|Any CPU.Build.0 = Debug|Any CPU
		{AFC496C4-2214-4A4E-BD7C-24AA12E6BECE}.Release|Any CPU.ActiveCfg = Release|Any CPU
		{AFC496C4-2214-4A4E-BD7C-24AA12E6BECE}.Release|Any CPU.Build.0 = Release|Any CPU
	EndGlobalSection
	GlobalSection(SolutionProperties) = preSolution
		HideSolutionNode = FALSE
	EndGlobalSection
	GlobalSection(NestedProjects) = preSolution
		{AFC496C4-2214-4A4E-BD7C-24AA12E6BECE} = {B24AC763-4809-4E00-BBC1-9FFF961A74E5}
	EndGlobalSection
	GlobalSection(ExtensibilityGlobals) = postSolution
		SolutionGuid = {8B01FD8E-B0FB-4DFF-B1C1-57E2D104EF3C}
	EndGlobalSection
EndGlobal
